
Microsoft Visual Studio Solution File, Format Version 12.00
Project("{FAE04EC0-301F-11D3-BF4B-00C04F79EFBC}") = "CalculatorApi", "CalculatorApi\CalculatorApi.csproj", "{F258132E-F8D6-4E47-AAD3-35D56F858D92}"
EndProject
Global
	GlobalSection(SolutionConfigurationPlatforms) = preSolution
		Debug|Any CPU = Debug|Any CPU
		Release|Any CPU = Release|Any CPU
	EndGlobalSection
	GlobalSection(ProjectConfigurationPlatforms) = postSolution
		{F258132E-F8D6-4E47-AAD3-35D56F858D92}.Debug|Any CPU.ActiveCfg = Debug|Any CPU
		{F258132E-F8D6-4E47-AAD3-35D56F858D92}.Debug|Any CPU.Build.0 = Debug|Any CPU
		{F258132E-F8D6-4E47-AAD3-35D56F858D92}.Release|Any CPU.ActiveCfg = Release|Any CPU
		{F258132E-F8D6-4E47-AAD3-35D56F858D92}.Release|Any CPU.Build.0 = Release|Any CPU
	EndGlobalSection
EndGlobal
